
Microsoft Visual Studio Solution File, Format Version 12.00
Project("{FAE04EC0-301F-11D3-BF4B-00C04F79EFBC}") = "WebApplication", "WebApplication\WebApplication.csproj", "{9CD53C48-D4EB-4611-A17D-7D2D8B6C2CE0}"
EndProject
Project("{2150E333-8FDC-42A3-9474-1A3956D46DE8}") = "Soluion Items", "Soluion Items", "{BE3BE19A-6531-4BCC-AF82-593FD49EC5C1}"
ProjectSection(SolutionItems) = preProject
	inspectcode.config = inspectcode.config
EndProjectSection
EndProject
Global
	GlobalSection(SolutionConfigurationPlatforms) = preSolution
		Debug|Any CPU = Debug|Any CPU
		Release|Any CPU = Release|Any CPU
	EndGlobalSection
	GlobalSection(ProjectConfigurationPlatforms) = postSolution
		{9CD53C48-D4EB-4611-A17D-7D2D8B6C2CE0}.Debug|Any CPU.ActiveCfg = Debug|Any CPU
		{9CD53C48-D4EB-4611-A17D-7D2D8B6C2CE0}.Debug|Any CPU.Build.0 = Debug|Any CPU
		{9CD53C48-D4EB-4611-A17D-7D2D8B6C2CE0}.Release|Any CPU.ActiveCfg = Release|Any CPU
		{9CD53C48-D4EB-4611-A17D-7D2D8B6C2CE0}.Release|Any CPU.Build.0 = Release|Any CPU
	EndGlobalSection
EndGlobal
